// !$*UTF8*$!
{
	archiveVersion = 1;
	classes = {
	};
	objectVersion = 46;
	objects = {

/* Begin PBXBuildFile section */
		DE37CE911BBF978000C35CEE /* AppDelegate.swift in Sources */ = {isa = PBXBuildFile; fileRef = DE37CE901BBF978000C35CEE /* AppDelegate.swift */; };
		DE37CE931BBF978000C35CEE /* MasterViewController.swift in Sources */ = {isa = PBXBuildFile; fileRef = DE37CE921BBF978000C35CEE /* MasterViewController.swift */; };
		DE37CE951BBF978000C35CEE /* DetailViewController.swift in Sources */ = {isa = PBXBuildFile; fileRef = DE37CE941BBF978000C35CEE /* DetailViewController.swift */; };
		DE37CE981BBF978000C35CEE /* Main.storyboard in Resources */ = {isa = PBXBuildFile; fileRef = DE37CE961BBF978000C35CEE /* Main.storyboard */; };
		DE37CE9A1BBF978000C35CEE /* Assets.xcassets in Resources */ = {isa = PBXBuildFile; fileRef = DE37CE991BBF978000C35CEE /* Assets.xcassets */; };
		DE37CE9D1BBF978000C35CEE /* LaunchScreen.storyboard in Resources */ = {isa = PBXBuildFile; fileRef = DE37CE9B1BBF978000C35CEE /* LaunchScreen.storyboard */; };
		DE37CEA81BBF978000C35CEE /* MyFirstAppTests.swift in Sources */ = {isa = PBXBuildFile; fileRef = DE37CEA71BBF978000C35CEE /* MyFirstAppTests.swift */; };
		DE37CEB31BBF978000C35CEE /* MyFirstAppUITests.swift in Sources */ = {isa = PBXBuildFile; fileRef = DE37CEB21BBF978000C35CEE /* MyFirstAppUITests.swift */; };
/* End PBXBuildFile section */

/* Begin PBXContainerItemProxy section */
		DE37CEA41BBF978000C35CEE /* PBXContainerItemProxy */ = {
			isa = PBXContainerItemProxy;
			containerPortal = DE37CE851BBF978000C35CEE /* Project object */;
			proxyType = 1;
			remoteGlobalIDString = DE37CE8C1BBF978000C35CEE;
			remoteInfo = MyFirstApp;
		};
		DE37CEAF1BBF978000C35CEE /* PBXContainerItemProxy */ = {
			isa = PBXContainerItemProxy;
			containerPortal = DE37CE851BBF978000C35CEE /* Project object */;
			proxyType = 1;
			remoteGlobalIDString = DE37CE8C1BBF978000C35CEE;
			remoteInfo = MyFirstApp;
		};
/* End PBXContainerItemProxy section */

/* Begin PBXFileReference section */
		DE37CE8D1BBF978000C35CEE /* MyFirstApp.app */ = {isa = PBXFileReference; explicitFileType = wrapper.application; includeInIndex = 0; path = MyFirstApp.app; sourceTree = BUILT_PRODUCTS_DIR; };
		DE37CE901BBF978000C35CEE /* AppDelegate.swift */ = {isa = PBXFileReference; lastKnownFileType = sourcecode.swift; path = AppDelegate.swift; sourceTree = "<group>"; };
		DE37CE921BBF978000C35CEE /* MasterViewController.swift */ = {isa = PBXFileReference; lastKnownFileType = sourcecode.swift; path = MasterViewController.swift; sourceTree = "<group>"; };
		DE37CE941BBF978000C35CEE /* DetailViewController.swift */ = {isa = PBXFileReference; lastKnownFileType = sourcecode.swift; path = DetailViewController.swift; sourceTree = "<group>"; };
		DE37CE971BBF978000C35CEE /* Base */ = {isa = PBXFileReference; lastKnownFileType = file.storyboard; name = Base; path = Base.lproj/Main.storyboard; sourceTree = "<group>"; };
		DE37CE991BBF978000C35CEE /* Assets.xcassets */ = {isa = PBXFileReference; lastKnownFileType = folder.assetcatalog; path = Assets.xcassets; sourceTree = "<group>"; };
		DE37CE9C1BBF978000C35CEE /* Base */ = {isa = PBXFileReference; lastKnownFileType = file.storyboard; name = Base; path = Base.lproj/LaunchScreen.storyboard; sourceTree = "<group>"; };
		DE37CE9E1BBF978000C35CEE /* Info.plist */ = {isa = PBXFileReference; lastKnownFileType = text.plist.xml; path = Info.plist; sourceTree = "<group>"; };
		DE37CEA31BBF978000C35CEE /* MyFirstAppTests.xctest */ = {isa = PBXFileReference; explicitFileType = wrapper.cfbundle; includeInIndex = 0; path = MyFirstAppTests.xctest; sourceTree = BUILT_PRODUCTS_DIR; };
		DE37CEA71BBF978000C35CEE /* MyFirstAppTests.swift */ = {isa = PBXFileReference; lastKnownFileType = sourcecode.swift; path = MyFirstAppTests.swift; sourceTree = "<group>"; };
		DE37CEA91BBF978000C35CEE /* Info.plist */ = {isa = PBXFileReference; lastKnownFileType = text.plist.xml; path = Info.plist; sourceTree = "<group>"; };
		DE37CEAE1BBF978000C35CEE /* MyFirstAppUITests.xctest */ = {isa = PBXFileReference; explicitFileType = wrapper.cfbundle; includeInIndex = 0; path = MyFirstAppUITests.xctest; sourceTree = BUILT_PRODUCTS_DIR; };
		DE37CEB21BBF978000C35CEE /* MyFirstAppUITests.swift */ = {isa = PBXFileReference; lastKnownFileType = sourcecode.swift; path = MyFirstAppUITests.swift; sourceTree = "<group>"; };
		DE37CEB41BBF978000C35CEE /* Info.plist */ = {isa = PBXFileReference; lastKnownFileType = text.plist.xml; path = Info.plist; sourceTree = "<group>"; };
/* End PBXFileReference section */

/* Begin PBXFrameworksBuildPhase section */
		DE37CE8A1BBF978000C35CEE /* Frameworks */ = {
			isa = PBXFrameworksBuildPhase;
			buildActionMask = 2147483647;
			files = (
			);
			runOnlyForDeploymentPostprocessing = 0;
		};
		DE37CEA01BBF978000C35CEE /* Frameworks */ = {
			isa = PBXFrameworksBuildPhase;
			buildActionMask = 2147483647;
			files = (
			);
			runOnlyForDeploymentPostprocessing = 0;
		};
		DE37CEAB1BBF978000C35CEE /* Frameworks */ = {
			isa = PBXFrameworksBuildPhase;
			buildActionMask = 2147483647;
			files = (
			);
			runOnlyForDeploymentPostprocessing = 0;
		};
/* End PBXFrameworksBuildPhase section */

/* Begin PBXGroup section */
		DE37CE841BBF978000C35CEE = {
			isa = PBXGroup;
			children = (
				DE37CE8F1BBF978000C35CEE /* MyFirstApp */,
				DE37CEA61BBF978000C35CEE /* MyFirstAppTests */,
				DE37CEB11BBF978000C35CEE /* MyFirstAppUITests */,
				DE37CE8E1BBF978000C35CEE /* Products */,
			);
			sourceTree = "<group>";
		};
		DE37CE8E1BBF978000C35CEE /* Products */ = {
			isa = PBXGroup;
			children = (
				DE37CE8D1BBF978000C35CEE /* MyFirstApp.app */,
				DE37CEA31BBF978000C35CEE /* MyFirstAppTests.xctest */,
				DE37CEAE1BBF978000C35CEE /* MyFirstAppUITests.xctest */,
			);
			name = Products;
			sourceTree = "<group>";
		};
		DE37CE8F1BBF978000C35CEE /* MyFirstApp */ = {
			isa = PBXGroup;
			children = (
				DE37CE901BBF978000C35CEE /* AppDelegate.swift */,
				DE37CE921BBF978000C35CEE /* MasterViewController.swift */,
				DE37CE941BBF978000C35CEE /* DetailViewController.swift */,
				DE37CE961BBF978000C35CEE /* Main.storyboard */,
				DE37CE991BBF978000C35CEE /* Assets.xcassets */,
				DE37CE9B1BBF978000C35CEE /* LaunchScreen.storyboard */,
				DE37CE9E1BBF978000C35CEE /* Info.plist */,
			);
			path = MyFirstApp;
			sourceTree = "<group>";
		};
		DE37CEA61BBF978000C35CEE /* MyFirstAppTests */ = {
			isa = PBXGroup;
			children = (
				DE37CEA71BBF978000C35CEE /* MyFirstAppTests.swift */,
				DE37CEA91BBF978000C35CEE /* Info.plist */,
			);
			path = MyFirstAppTests;
			sourceTree = "<group>";
		};
		DE37CEB11BBF978000C35CEE /* MyFirstAppUITests */ = {
			isa = PBXGroup;
			children = (
				DE37CEB21BBF978000C35CEE /* MyFirstAppUITests.swift */,
				DE37CEB41BBF978000C35CEE /* Info.plist */,
			);
			path = MyFirstAppUITests;
			sourceTree = "<group>";
		};
/* End PBXGroup section */

/* Begin PBXNativeTarget section */
		DE37CE8C1BBF978000C35CEE /* MyFirstApp */ = {
			isa = PBXNativeTarget;
			buildConfigurationList = DE37CEB71BBF978000C35CEE /* Build configuration list for PBXNativeTarget "MyFirstApp" */;
			buildPhases = (
				DE37CE891BBF978000C35CEE /* Sources */,
				DE37CE8A1BBF978000C35CEE /* Frameworks */,
				DE37CE8B1BBF978000C35CEE /* Resources */,
			);
			buildRules = (
			);
			dependencies = (
			);
			name = MyFirstApp;
			productName = MyFirstApp;
			productReference = DE37CE8D1BBF978000C35CEE /* MyFirstApp.app */;
			productType = "com.apple.product-type.application";
		};
		DE37CEA21BBF978000C35CEE /* MyFirstAppTests */ = {
			isa = PBXNativeTarget;
			buildConfigurationList = DE37CEBA1BBF978000C35CEE /* Build configuration list for PBXNativeTarget "MyFirstAppTests" */;
			buildPhases = (
				DE37CE9F1BBF978000C35CEE /* Sources */,
				DE37CEA01BBF978000C35CEE /* Frameworks */,
				DE37CEA11BBF978000C35CEE /* Resources */,
			);
			buildRules = (
			);
			dependencies = (
				DE37CEA51BBF978000C35CEE /* PBXTargetDependency */,
			);
			name = MyFirstAppTests;
			productName = MyFirstAppTests;
			productReference = DE37CEA31BBF978000C35CEE /* MyFirstAppTests.xctest */;
			productType = "com.apple.product-type.bundle.unit-test";
		};
		DE37CEAD1BBF978000C35CEE /* MyFirstAppUITests */ = {
			isa = PBXNativeTarget;
			buildConfigurationList = DE37CEBD1BBF978000C35CEE /* Build configuration list for PBXNativeTarget "MyFirstAppUITests" */;
			buildPhases = (
				DE37CEAA1BBF978000C35CEE /* Sources */,
				DE37CEAB1BBF978000C35CEE /* Frameworks */,
				DE37CEAC1BBF978000C35CEE /* Resources */,
			);
			buildRules = (
			);
			dependencies = (
				DE37CEB01BBF978000C35CEE /* PBXTargetDependency */,
			);
			name = MyFirstAppUITests;
			productName = MyFirstAppUITests;
			productReference = DE37CEAE1BBF978000C35CEE /* MyFirstAppUITests.xctest */;
			productType = "com.apple.product-type.bundle.ui-testing";
		};
/* End PBXNativeTarget section */

/* Begin PBXProject section */
		DE37CE851BBF978000C35CEE /* Project object */ = {
			isa = PBXProject;
			attributes = {
				LastUpgradeCheck = 0700;
				ORGANIZATIONNAME = "Vadim Gore";
				TargetAttributes = {
					DE37CE8C1BBF978000C35CEE = {
						CreatedOnToolsVersion = 7.0;
					};
					DE37CEA21BBF978000C35CEE = {
						CreatedOnToolsVersion = 7.0;
						TestTargetID = DE37CE8C1BBF978000C35CEE;
					};
					DE37CEAD1BBF978000C35CEE = {
						CreatedOnToolsVersion = 7.0;
						TestTargetID = DE37CE8C1BBF978000C35CEE;
					};
				};
			};
			buildConfigurationList = DE37CE881BBF978000C35CEE /* Build configuration list for PBXProject "MyFirstApp" */;
			compatibilityVersion = "Xcode 3.2";
			developmentRegion = English;
			hasScannedForEncodings = 0;
			knownRegions = (
				en,
				Base,
			);
			mainGroup = DE37CE841BBF978000C35CEE;
			productRefGroup = DE37CE8E1BBF978000C35CEE /* Products */;
			projectDirPath = "";
			projectRoot = "";
			targets = (
				DE37CE8C1BBF978000C35CEE /* MyFirstApp */,
				DE37CEA21BBF978000C35CEE /* MyFirstAppTests */,
				DE37CEAD1BBF978000C35CEE /* MyFirstAppUITests */,
			);
		};
/* End PBXProject section */

/* Begin PBXResourcesBuildPhase section */
		DE37CE8B1BBF978000C35CEE /* Resources */ = {
			isa = PBXResourcesBuildPhase;
			buildActionMask = 2147483647;
			files = (
				DE37CE9D1BBF978000C35CEE /* LaunchScreen.storyboard in Resources */,
				DE37CE9A1BBF978000C35CEE /* Assets.xcassets in Resources */,
				DE37CE981BBF978000C35CEE /* Main.storyboard in Resources */,
			);
			runOnlyForDeploymentPostprocessing = 0;
		};
		DE37CEA11BBF978000C35CEE /* Resources */ = {
			isa = PBXResourcesBuildPhase;
			buildActionMask = 2147483647;
			files = (
			);
			runOnlyForDeploymentPostprocessing = 0;
		};
		DE37CEAC1BBF978000C35CEE /* Resources */ = {
			isa = PBXResourcesBuildPhase;
			buildActionMask = 2147483647;
			files = (
			);
			runOnlyForDeploymentPostprocessing = 0;
		};
/* End PBXResourcesBuildPhase section */

/* Begin PBXSourcesBuildPhase section */
		DE37CE891BBF978000C35CEE /* Sources */ = {
			isa = PBXSourcesBuildPhase;
			buildActionMask = 2147483647;
			files = (
				DE37CE951BBF978000C35CEE /* DetailViewController.swift in Sources */,
				DE37CE931BBF978000C35CEE /* MasterViewController.swift in Sources */,
				DE37CE911BBF978000C35CEE /* AppDelegate.swift in Sources */,
			);
			runOnlyForDeploymentPostprocessing = 0;
		};
		DE37CE9F1BBF978000C35CEE /* Sources */ = {
			isa = PBXSourcesBuildPhase;
			buildActionMask = 2147483647;
			files = (
				DE37CEA81BBF978000C35CEE /* MyFirstAppTests.swift in Sources */,
			);
			runOnlyForDeploymentPostprocessing = 0;
		};
		DE37CEAA1BBF978000C35CEE /* Sources */ = {
			isa = PBXSourcesBuildPhase;
			buildActionMask = 2147483647;
			files = (
				DE37CEB31BBF978000C35CEE /* MyFirstAppUITests.swift in Sources */,
			);
			runOnlyForDeploymentPostprocessing = 0;
		};
/* End PBXSourcesBuildPhase section */

/* Begin PBXTargetDependency section */
		DE37CEA51BBF978000C35CEE /* PBXTargetDependency */ = {
			isa = PBXTargetDependency;
			target = DE37CE8C1BBF978000C35CEE /* MyFirstApp */;
			targetProxy = DE37CEA41BBF978000C35CEE /* PBXContainerItemProxy */;
		};
		DE37CEB01BBF978000C35CEE /* PBXTargetDependency */ = {
			isa = PBXTargetDependency;
			target = DE37CE8C1BBF978000C35CEE /* MyFirstApp */;
			targetProxy = DE37CEAF1BBF978000C35CEE /* PBXContainerItemProxy */;
		};
/* End PBXTargetDependency section */

/* Begin PBXVariantGroup section */
		DE37CE961BBF978000C35CEE /* Main.storyboard */ = {
			isa = PBXVariantGroup;
			children = (
				DE37CE971BBF978000C35CEE /* Base */,
			);
			name = Main.storyboard;
			sourceTree = "<group>";
		};
		DE37CE9B1BBF978000C35CEE /* LaunchScreen.storyboard */ = {
			isa = PBXVariantGroup;
			children = (
				DE37CE9C1BBF978000C35CEE /* Base */,
			);
			name = LaunchScreen.storyboard;
			sourceTree = "<group>";
		};
/* End PBXVariantGroup section */

/* Begin XCBuildConfiguration section */
		DE37CEB51BBF978000C35CEE /* Debug */ = {
			isa = XCBuildConfiguration;
			buildSettings = {
				ALWAYS_SEARCH_USER_PATHS = NO;
				CLANG_CXX_LANGUAGE_STANDARD = "gnu++0x";
				CLANG_CXX_LIBRARY = "libc++";
				CLANG_ENABLE_MODULES = YES;
				CLANG_ENABLE_OBJC_ARC = YES;
				CLANG_WARN_BOOL_CONVERSION = YES;
				CLANG_WARN_CONSTANT_CONVERSION = YES;
				CLANG_WARN_DIRECT_OBJC_ISA_USAGE = YES_ERROR;
				CLANG_WARN_EMPTY_BODY = YES;
				CLANG_WARN_ENUM_CONVERSION = YES;
				CLANG_WARN_INT_CONVERSION = YES;
				CLANG_WARN_OBJC_ROOT_CLASS = YES_ERROR;
				CLANG_WARN_UNREACHABLE_CODE = YES;
				CLANG_WARN__DUPLICATE_METHOD_MATCH = YES;
				"CODE_SIGN_IDENTITY[sdk=iphoneos*]" = "iPhone Developer";
				COPY_PHASE_STRIP = NO;
				DEBUG_INFORMATION_FORMAT = dwarf;
				ENABLE_STRICT_OBJC_MSGSEND = YES;
				ENABLE_TESTABILITY = YES;
				GCC_C_LANGUAGE_STANDARD = gnu99;
				GCC_DYNAMIC_NO_PIC = NO;
				GCC_NO_COMMON_BLOCKS = YES;
				GCC_OPTIMIZATION_LEVEL = 0;
				GCC_PREPROCESSOR_DEFINITIONS = (
					"DEBUG=1",
					"$(inherited)",
				);
				GCC_WARN_64_TO_32_BIT_CONVERSION = YES;
				GCC_WARN_ABOUT_RETURN_TYPE = YES_ERROR;
				GCC_WARN_UNDECLARED_SELECTOR = YES;
				GCC_WARN_UNINITIALIZED_AUTOS = YES_AGGRESSIVE;
				GCC_WARN_UNUSED_FUNCTION = YES;
				GCC_WARN_UNUSED_VARIABLE = YES;
				IPHONEOS_DEPLOYMENT_TARGET = 9.0;
				MTL_ENABLE_DEBUG_INFO = YES;
				ONLY_ACTIVE_ARCH = YES;
				SDKROOT = iphoneos;
				SWIFT_OPTIMIZATION_LEVEL = "-Onone";
				TARGETED_DEVICE_FAMILY = "1,2";
			};
			name = Debug;
		};
		DE37CEB61BBF978000C35CEE /* Release */ = {
			isa = XCBuildConfiguration;
			buildSettings = {
				ALWAYS_SEARCH_USER_PATHS = NO;
				CLANG_CXX_LANGUAGE_STANDARD = "gnu++0x";
				CLANG_CXX_LIBRARY = "libc++";
				CLANG_ENABLE_MODULES = YES;
				CLANG_ENABLE_OBJC_ARC = YES;
				CLANG_WARN_BOOL_CONVERSION = YES;
				CLANG_WARN_CONSTANT_CONVERSION = YES;
				CLANG_WARN_DIRECT_OBJC_ISA_USAGE = YES_ERROR;
				CLANG_WARN_EMPTY_BODY = YES;
				CLANG_WARN_ENUM_CONVERSION = YES;
				CLANG_WARN_INT_CONVERSION = YES;
				CLANG_WARN_OBJC_ROOT_CLASS = YES_ERROR;
				CLANG_WARN_UNREACHABLE_CODE = YES;
				CLANG_WARN__DUPLICATE_METHOD_MATCH = YES;
				"CODE_SIGN_IDENTITY[sdk=iphoneos*]" = "iPhone Developer";
				COPY_PHASE_STRIP = NO;
				DEBUG_INFORMATION_FORMAT = "dwarf-with-dsym";
				ENABLE_NS_ASSERTIONS = NO;
				ENABLE_STRICT_OBJC_MSGSEND = YES;
				GCC_C_LANGUAGE_STANDARD = gnu99;
				GCC_NO_COMMON_BLOCKS = YES;
				GCC_WARN_64_TO_32_BIT_CONVERSION = YES;
				GCC_WARN_ABOUT_RETURN_TYPE = YES_ERROR;
				GCC_WARN_UNDECLARED_SELECTOR = YES;
				GCC_WARN_UNINITIALIZED_AUTOS = YES_AGGRESSIVE;
				GCC_WARN_UNUSED_FUNCTION = YES;
				GCC_WARN_UNUSED_VARIABLE = YES;
				IPHONEOS_DEPLOYMENT_TARGET = 9.0;
				MTL_ENABLE_DEBUG_INFO = NO;
				SDKROOT = iphoneos;
				TARGETED_DEVICE_FAMILY = "1,2";
				VALIDATE_PRODUCT = YES;
			};
			name = Release;
		};
		DE37CEB81BBF978000C35CEE /* Debug */ = {
			isa = XCBuildConfiguration;
			buildSettings = {
				ASSETCATALOG_COMPILER_APPICON_NAME = AppIcon;
				INFOPLIST_FILE = MyFirstApp/Info.plist;
				LD_RUNPATH_SEARCH_PATHS = "$(inherited) @executable_path/Frameworks";
				PRODUCT_BUNDLE_IDENTIFIER = intel.com.MyFirstApp;
				PRODUCT_NAME = "$(TARGET_NAME)";
			};
			name = Debug;
		};
		DE37CEB91BBF978000C35CEE /* Release */ = {
			isa = XCBuildConfiguration;
			buildSettings = {
				ASSETCATALOG_COMPILER_APPICON_NAME = AppIcon;
				INFOPLIST_FILE = MyFirstApp/Info.plist;
				LD_RUNPATH_SEARCH_PATHS = "$(inherited) @executable_path/Frameworks";
				PRODUCT_BUNDLE_IDENTIFIER = intel.com.MyFirstApp;
				PRODUCT_NAME = "$(TARGET_NAME)";
			};
			name = Release;
		};
		DE37CEBB1BBF978000C35CEE /* Debug */ = {
			isa = XCBuildConfiguration;
			buildSettings = {
				BUNDLE_LOADER = "$(TEST_HOST)";
				INFOPLIST_FILE = MyFirstAppTests/Info.plist;
				LD_RUNPATH_SEARCH_PATHS = "$(inherited) @executable_path/Frameworks @loader_path/Frameworks";
				PRODUCT_BUNDLE_IDENTIFIER = intel.com.MyFirstAppTests;
				PRODUCT_NAME = "$(TARGET_NAME)";
				TEST_HOST = "$(BUILT_PRODUCTS_DIR)/MyFirstApp.app/MyFirstApp";
			};
			name = Debug;
		};
		DE37CEBC1BBF978000C35CEE /* Release */ = {
			isa = XCBuildConfiguration;
			buildSettings = {
				BUNDLE_LOADER = "$(TEST_HOST)";
				INFOPLIST_FILE = MyFirstAppTests/Info.plist;
				LD_RUNPATH_SEARCH_PATHS = "$(inherited) @executable_path/Frameworks @loader_path/Frameworks";
				PRODUCT_BUNDLE_IDENTIFIER = intel.com.MyFirstAppTests;
				PRODUCT_NAME = "$(TARGET_NAME)";
				TEST_HOST = "$(BUILT_PRODUCTS_DIR)/MyFirstApp.app/MyFirstApp";
			};
			name = Release;
		};
		DE37CEBE1BBF978000C35CEE /* Debug */ = {
			isa = XCBuildConfiguration;
			buildSettings = {
				INFOPLIST_FILE = MyFirstAppUITests/Info.plist;
				LD_RUNPATH_SEARCH_PATHS = "$(inherited) @executable_path/Frameworks @loader_path/Frameworks";
				PRODUCT_BUNDLE_IDENTIFIER = intel.com.MyFirstAppUITests;
				PRODUCT_NAME = "$(TARGET_NAME)";
				TEST_TARGET_NAME = MyFirstApp;
				USES_XCTRUNNER = YES;
			};
			name = Debug;
		};
		DE37CEBF1BBF978000C35CEE /* Release */ = {
			isa = XCBuildConfiguration;
			buildSettings = {
				INFOPLIST_FILE = MyFirstAppUITests/Info.plist;
				LD_RUNPATH_SEARCH_PATHS = "$(inherited) @executable_path/Frameworks @loader_path/Frameworks";
				PRODUCT_BUNDLE_IDENTIFIER = intel.com.MyFirstAppUITests;
				PRODUCT_NAME = "$(TARGET_NAME)";
				TEST_TARGET_NAME = MyFirstApp;
				USES_XCTRUNNER = YES;
			};
			name = Release;
		};
/* End XCBuildConfiguration section */

/* Begin XCConfigurationList section */
		DE37CE881BBF978000C35CEE /* Build configuration list for PBXProject "MyFirstApp" */ = {
			isa = XCConfigurationList;
			buildConfigurations = (
				DE37CEB51BBF978000C35CEE /* Debug */,
				DE37CEB61BBF978000C35CEE /* Release */,
			);
			defaultConfigurationIsVisible = 0;
			defaultConfigurationName = Release;
		};
		DE37CEB71BBF978000C35CEE /* Build configuration list for PBXNativeTarget "MyFirstApp" */ = {
			isa = XCConfigurationList;
			buildConfigurations = (
				DE37CEB81BBF978000C35CEE /* Debug */,
				DE37CEB91BBF978000C35CEE /* Release */,
			);
			defaultConfigurationIsVisible = 0;
		};
		DE37CEBA1BBF978000C35CEE /* Build configuration list for PBXNativeTarget "MyFirstAppTests" */ = {
			isa = XCConfigurationList;
			buildConfigurations = (
				DE37CEBB1BBF978000C35CEE /* Debug */,
				DE37CEBC1BBF978000C35CEE /* Release */,
			);
			defaultConfigurationIsVisible = 0;
		};
		DE37CEBD1BBF978000C35CEE /* Build configuration list for PBXNativeTarget "MyFirstAppUITests" */ = {
			isa = XCConfigurationList;
			buildConfigurations = (
				DE37CEBE1BBF978000C35CEE /* Debug */,
				DE37CEBF1BBF978000C35CEE /* Release */,
			);
			defaultConfigurationIsVisible = 0;
		};
/* End XCConfigurationList section */
	};
	rootObject = DE37CE851BBF978000C35CEE /* Project object */;
}
